{
  "version": 4,
  "terraform_version": "1.8.2",
  "serial": 31,
  "lineage": "0d43558a-2314-8049-8b1c-d98d7c5bc897",
  "outputs": {},
  "resources": [
    {
      "module": "module.eks",
      "mode": "managed",
      "type": "aws_eks_addon",
      "name": "cni",
      "provider": "module.eks.provider[\"registry.terraform.io/hashicorp/aws\"]",
      "instances": [
        {
          "schema_version": 0,
          "attributes": {
            "addon_name": "vpc-cni",
            "addon_version": "v1.16.0-eksbuild.1",
            "arn": "arn:aws:eks:us-east-1:381492266480:addon/Flash_Cluster_EKS/vpc-cni/36c7e181-42b4-ec26-5d44-4068c71ae746",
            "cluster_name": "Flash_Cluster_EKS",
            "configuration_values": "",
            "created_at": "2024-05-29T06:21:13Z",
            "id": "Flash_Cluster_EKS:vpc-cni",
            "modified_at": "2024-05-29T06:21:23Z",
            "preserve": null,
            "resolve_conflicts": null,
            "resolve_conflicts_on_create": null,
            "resolve_conflicts_on_update": null,
            "service_account_role_arn": "",
            "tags": null,
            "tags_all": {},
            "timeouts": null
          },
          "sensitive_attributes": [],
          "private": "eyJlMmJmYjczMC1lY2FhLTExZTYtOGY4OC0zNDM2M2JjN2M0YzAiOnsiY3JlYXRlIjoxMjAwMDAwMDAwMDAwLCJkZWxldGUiOjI0MDAwMDAwMDAwMDAsInVwZGF0ZSI6MTIwMDAwMDAwMDAwMH19",
          "dependencies": [
            "module.eks.aws_eks_cluster.my_cluster",
            "module.eks.aws_iam_role.eks_role",
            "module.eks.module.vpc_module.aws_security_group.virtual_sg",
            "module.eks.module.vpc_module.aws_subnet.virtual_subnet_pri01",
            "module.eks.module.vpc_module.aws_subnet.virtual_subnet_pri02",
            "module.eks.module.vpc_module.aws_vpc.virtual_network"
          ]
        }
      ]
    },
    {
      "module": "module.eks",
      "mode": "managed",
      "type": "aws_eks_addon",
      "name": "coredns",
      "provider": "module.eks.provider[\"registry.terraform.io/hashicorp/aws\"]",
      "instances": [
        {
          "schema_version": 0,
          "attributes": {
            "addon_name": "coredns",
            "addon_version": "v1.11.1-eksbuild.4",
            "arn": "arn:aws:eks:us-east-1:381492266480:addon/Flash_Cluster_EKS/coredns/92c7e181-42b5-31a3-d67c-a12a8a228131",
            "cluster_name": "Flash_Cluster_EKS",
            "configuration_values": "",
            "created_at": "2024-05-29T06:21:13Z",
            "id": "Flash_Cluster_EKS:coredns",
            "modified_at": "2024-05-29T06:36:00Z",
            "preserve": null,
            "resolve_conflicts": null,
            "resolve_conflicts_on_create": null,
            "resolve_conflicts_on_update": null,
            "service_account_role_arn": "",
            "tags": null,
            "tags_all": {},
            "timeouts": null
          },
          "sensitive_attributes": [],
          "private": "eyJlMmJmYjczMC1lY2FhLTExZTYtOGY4OC0zNDM2M2JjN2M0YzAiOnsiY3JlYXRlIjoxMjAwMDAwMDAwMDAwLCJkZWxldGUiOjI0MDAwMDAwMDAwMDAsInVwZGF0ZSI6MTIwMDAwMDAwMDAwMH19",
          "dependencies": [
            "module.eks.aws_eks_cluster.my_cluster",
            "module.eks.aws_iam_role.eks_role",
            "module.eks.module.vpc_module.aws_security_group.virtual_sg",
            "module.eks.module.vpc_module.aws_subnet.virtual_subnet_pri01",
            "module.eks.module.vpc_module.aws_subnet.virtual_subnet_pri02",
            "module.eks.module.vpc_module.aws_vpc.virtual_network"
          ]
        }
      ]
    },
    {
      "module": "module.eks",
      "mode": "managed",
      "type": "aws_eks_addon",
      "name": "kube_proxy",
      "provider": "module.eks.provider[\"registry.terraform.io/hashicorp/aws\"]",
      "instances": [
        {
          "schema_version": 0,
          "attributes": {
            "addon_name": "kube-proxy",
            "addon_version": "v1.29.0-eksbuild.1",
            "arn": "arn:aws:eks:us-east-1:381492266480:addon/Flash_Cluster_EKS/kube-proxy/8ac7e181-42b9-ddef-2f25-825e1d910b5c",
            "cluster_name": "Flash_Cluster_EKS",
            "configuration_values": "",
            "created_at": "2024-05-29T06:21:13Z",
            "id": "Flash_Cluster_EKS:kube-proxy",
            "modified_at": "2024-05-29T06:21:21Z",
            "preserve": null,
            "resolve_conflicts": null,
            "resolve_conflicts_on_create": null,
            "resolve_conflicts_on_update": null,
            "service_account_role_arn": "",
            "tags": null,
            "tags_all": {},
            "timeouts": null
          },
          "sensitive_attributes": [],
          "private": "eyJlMmJmYjczMC1lY2FhLTExZTYtOGY4OC0zNDM2M2JjN2M0YzAiOnsiY3JlYXRlIjoxMjAwMDAwMDAwMDAwLCJkZWxldGUiOjI0MDAwMDAwMDAwMDAsInVwZGF0ZSI6MTIwMDAwMDAwMDAwMH19",
          "dependencies": [
            "module.eks.aws_eks_cluster.my_cluster",
            "module.eks.aws_iam_role.eks_role",
            "module.eks.module.vpc_module.aws_security_group.virtual_sg",
            "module.eks.module.vpc_module.aws_subnet.virtual_subnet_pri01",
            "module.eks.module.vpc_module.aws_subnet.virtual_subnet_pri02",
            "module.eks.module.vpc_module.aws_vpc.virtual_network"
          ]
        }
      ]
    },
    {
      "module": "module.eks",
      "mode": "managed",
      "type": "aws_eks_cluster",
      "name": "my_cluster",
      "provider": "module.eks.provider[\"registry.terraform.io/hashicorp/aws\"]",
      "instances": [
        {
          "schema_version": 0,
          "attributes": {
            "access_config": [
              {
                "authentication_mode": "CONFIG_MAP",
                "bootstrap_cluster_creator_admin_permissions": false
              }
            ],
            "arn": "arn:aws:eks:us-east-1:381492266480:cluster/Flash_Cluster_EKS",
            "certificate_authority": [
              {
                "data": "LS0tLS1CRUdJTiBDRVJUSUZJQ0FURS0tLS0tCk1JSURCVENDQWUyZ0F3SUJBZ0lJUWFBZ3ROWkN6bzh3RFFZSktvWklodmNOQVFFTEJRQXdGVEVUTUJFR0ExVUUKQXhNS2EzVmlaWEp1WlhSbGN6QWVGdzB5TkRBMU1qa3dOakV5TWpkYUZ3MHpOREExTWpjd05qRTNNamRhTUJVeApFekFSQmdOVkJBTVRDbXQxWW1WeWJtVjBaWE13Z2dFaU1BMEdDU3FHU0liM0RRRUJBUVVBQTRJQkR3QXdnZ0VLCkFvSUJBUUMvWFJFWlNRVkc0N3IrbUVYU1RxR3c2T2paN21GY2xlbC9OZFFUSTFnZ1pwNmkxWk5ONlp5Q1czUW0KV1hwUnB5TXJDMEZDb2RTVTEvRTNJVnZwR3BId1JBRXh1M2lzUWFsQUdoRkVyejlkd3VMeE03cXlvemdBTGdEUgpSdEpDWk5qR3l1NkI0Z0xzVm5zemhtc08vcUxndUNFUTdFY1NjVm5ya3cyRjg4OEp1eFErSW55RURJMmN2by8yClpXMDBiZU5oRVdndHovbE9TUm9RRllSNW5wT1IzMS9KOTVTdys3TTZxSVpoY3AwWllBeEE3ai9HazJzT0JaSjQKblN5YmoxS3AxVWcvYWNNZXI5SlNYR1liS1RvTE4zZE9sNHk4b0tCKzVtQmZyMTJYbEN0a2VHZE56bGI3OEZZTwpZdi9veVFQYWxUTXc4REt1U0E5WmROTDVLQkxYQWdNQkFBR2pXVEJYTUE0R0ExVWREd0VCL3dRRUF3SUNwREFQCkJnTlZIUk1CQWY4RUJUQURBUUgvTUIwR0ExVWREZ1FXQkJSTTV3bHFwZ3lVYko3TG9KS2lLay9OQjV6YVVEQVYKQmdOVkhSRUVEakFNZ2dwcmRXSmxjbTVsZEdWek1BMEdDU3FHU0liM0RRRUJDd1VBQTRJQkFRQmQ5aDFvSUVmKwpQRkJyQm5Gb25iQXlUbkhRa29OZ21jNWlBaTdqZzJoOWNLYU13N3djY3R5THhrRjdHTzAxdHRJVHJNOGR0L0tnClhubEYzeml6TXVTc0JFOTNINW0zdXBINlkyZVN4MUV6bHJKQ1pGNXRFWnFZNjB5dmU5VmJ3bTZJcUdMRllZVkQKMUhQdUdUb1Rza08zQzRDVW9WT3JQT2NIYzhSZVFSQWM3STM2cWlaay9wVm5DZ0lYdWlrOXRGWDR2MHNycDJ6RAorR2VDVGgxdi8yVXFqMzZGUHZjODArTUNHRjZ2cjJtMVlBVDRIZTdselNvaUhjSlZDQ3lKaEFMN21EUXkxY2pICi9pR2N1WGhLRjV6MUFGQURjTUN1eUNHM3N1c2hneWF5TFVzZ3IybnY3aHpZdTI0NitHbFJvM2s2ZlBaYTdBMTcKR1FMMTZ1K1RPNCtMCi0tLS0tRU5EIENFUlRJRklDQVRFLS0tLS0K"
              }
            ],
            "cluster_id": null,
            "created_at": "2024-05-29 06:12:36.669 +0000 UTC",
            "enabled_cluster_log_types": null,
            "encryption_config": [],
            "endpoint": "https://9E7AA8F653B3F77A511D85FC0A79FADC.gr7.us-east-1.eks.amazonaws.com",
            "id": "Flash_Cluster_EKS",
            "identity": [
              {
                "oidc": [
                  {
                    "issuer": "https://oidc.eks.us-east-1.amazonaws.com/id/9E7AA8F653B3F77A511D85FC0A79FADC"
                  }
                ]
              }
            ],
            "kubernetes_network_config": [
              {
                "ip_family": "ipv4",
                "service_ipv4_cidr": "10.100.0.0/16",
                "service_ipv6_cidr": ""
              }
            ],
            "name": "Flash_Cluster_EKS",
            "outpost_config": [],
            "platform_version": "eks.7",
            "role_arn": "arn:aws:iam::381492266480:role/eks-policy-roleA",
            "status": "ACTIVE",
            "tags": null,
            "tags_all": {},
            "timeouts": null,
            "version": "1.29",
            "vpc_config": [
              {
                "cluster_security_group_id": "sg-02dc395d1bd104f40",
                "endpoint_private_access": false,
                "endpoint_public_access": true,
                "public_access_cidrs": [
                  "0.0.0.0/0"
                ],
                "security_group_ids": [
                  "sg-0c588535d3db54bd1"
                ],
                "subnet_ids": [
                  "subnet-01607f657d9805cc6",
                  "subnet-0eff032df930de3ae"
                ],
                "vpc_id": "vpc-045fe1c96b4ecfe16"
              }
            ]
          },
          "sensitive_attributes": [],
          "private": "eyJlMmJmYjczMC1lY2FhLTExZTYtOGY4OC0zNDM2M2JjN2M0YzAiOnsiY3JlYXRlIjoxODAwMDAwMDAwMDAwLCJkZWxldGUiOjkwMDAwMDAwMDAwMCwidXBkYXRlIjozNjAwMDAwMDAwMDAwfX0=",
          "dependencies": [
            "module.eks.aws_iam_role.eks_role",
            "module.eks.module.vpc_module.aws_security_group.virtual_sg",
            "module.eks.module.vpc_module.aws_subnet.virtual_subnet_pri01",
            "module.eks.module.vpc_module.aws_subnet.virtual_subnet_pri02",
            "module.eks.module.vpc_module.aws_vpc.virtual_network"
          ]
        }
      ]
    },
    {
      "module": "module.eks",
      "mode": "managed",
      "type": "aws_eks_node_group",
      "name": "my_node_group",
      "provider": "module.eks.provider[\"registry.terraform.io/hashicorp/aws\"]",
      "instances": [
        {
          "schema_version": 0,
          "attributes": {
            "ami_type": "AL2_x86_64",
            "arn": "arn:aws:eks:us-east-1:381492266480:nodegroup/Flash_Cluster_EKS/Node_GroupA/dec7e181-42b6-1693-b98d-6e9aeb255d1c",
            "capacity_type": "ON_DEMAND",
            "cluster_name": "Flash_Cluster_EKS",
            "disk_size": 20,
            "force_update_version": null,
            "id": "Flash_Cluster_EKS:Node_GroupA",
            "instance_types": [
              "t3.medium"
            ],
            "labels": null,
            "launch_template": [],
            "node_group_name": "Node_GroupA",
            "node_group_name_prefix": "",
            "node_role_arn": "arn:aws:iam::381492266480:role/eks-policy-roleA",
            "release_version": "1.29.3-20240514",
            "remote_access": [],
            "resources": [
              {
                "autoscaling_groups": [
                  {
                    "name": "eks-Node_GroupA-dec7e181-42b6-1693-b98d-6e9aeb255d1c"
                  }
                ],
                "remote_access_security_group_id": ""
              }
            ],
            "scaling_config": [
              {
                "desired_size": 2,
                "max_size": 2,
                "min_size": 1
              }
            ],
            "status": "ACTIVE",
            "subnet_ids": [
              "subnet-01607f657d9805cc6",
              "subnet-0eff032df930de3ae"
            ],
            "tags": null,
            "tags_all": {},
            "taint": [],
            "timeouts": null,
            "update_config": [
              {
                "max_unavailable": 1,
                "max_unavailable_percentage": 0
              }
            ],
            "version": "1.29"
          },
          "sensitive_attributes": [],
          "private": "eyJlMmJmYjczMC1lY2FhLTExZTYtOGY4OC0zNDM2M2JjN2M0YzAiOnsiY3JlYXRlIjozNjAwMDAwMDAwMDAwLCJkZWxldGUiOjM2MDAwMDAwMDAwMDAsInVwZGF0ZSI6MzYwMDAwMDAwMDAwMH19",
          "dependencies": [
            "module.eks.aws_eks_cluster.my_cluster",
            "module.eks.aws_iam_role.eks_role",
            "module.eks.module.vpc_module.aws_security_group.virtual_sg",
            "module.eks.module.vpc_module.aws_subnet.virtual_subnet_pri01",
            "module.eks.module.vpc_module.aws_subnet.virtual_subnet_pri02",
            "module.eks.module.vpc_module.aws_vpc.virtual_network"
          ]
        }
      ]
    },
    {
      "module": "module.eks",
      "mode": "managed",
      "type": "aws_iam_policy_attachment",
      "name": "eks_cluster_policy_attachment",
      "provider": "module.eks.provider[\"registry.terraform.io/hashicorp/aws\"]",
      "instances": [
        {
          "schema_version": 0,
          "attributes": {
            "groups": null,
            "id": "eks-policy-attachments1A",
            "name": "eks-policy-attachments1A",
            "policy_arn": "arn:aws:iam::aws:policy/AmazonEKSClusterPolicy",
            "roles": [
              "eks-policy-roleA"
            ],
            "users": null
          },
          "sensitive_attributes": [],
          "private": "bnVsbA==",
          "dependencies": [
            "module.eks.aws_iam_role.eks_role"
          ]
        }
      ]
    },
    {
      "module": "module.eks",
      "mode": "managed",
      "type": "aws_iam_policy_attachment",
      "name": "eks_node_policy_attachments",
      "provider": "module.eks.provider[\"registry.terraform.io/hashicorp/aws\"]",
      "instances": [
        {
          "index_key": 0,
          "schema_version": 0,
          "attributes": {
            "groups": null,
            "id": "var.node_attachment_name-0",
            "name": "var.node_attachment_name-0",
            "policy_arn": "arn:aws:iam::aws:policy/AmazonEC2ContainerRegistryReadOnly",
            "roles": [
              "eks-policy-roleA"
            ],
            "users": null
          },
          "sensitive_attributes": [],
          "private": "bnVsbA==",
          "dependencies": [
            "module.eks.aws_iam_role.eks_role"
          ]
        },
        {
          "index_key": 1,
          "schema_version": 0,
          "attributes": {
            "groups": null,
            "id": "var.node_attachment_name-1",
            "name": "var.node_attachment_name-1",
            "policy_arn": "arn:aws:iam::aws:policy/AmazonEKS_CNI_Policy",
            "roles": [
              "eks-policy-roleA"
            ],
            "users": null
          },
          "sensitive_attributes": [],
          "private": "bnVsbA==",
          "dependencies": [
            "module.eks.aws_iam_role.eks_role"
          ]
        },
        {
          "index_key": 2,
          "schema_version": 0,
          "attributes": {
            "groups": null,
            "id": "var.node_attachment_name-2",
            "name": "var.node_attachment_name-2",
            "policy_arn": "arn:aws:iam::aws:policy/AmazonEKSWorkerNodePolicy",
            "roles": [
              "eks-policy-roleA"
            ],
            "users": null
          },
          "sensitive_attributes": [],
          "private": "bnVsbA==",
          "dependencies": [
            "module.eks.aws_iam_role.eks_role"
          ]
        }
      ]
    },
    {
      "module": "module.eks",
      "mode": "managed",
      "type": "aws_iam_role",
      "name": "eks_role",
      "provider": "module.eks.provider[\"registry.terraform.io/hashicorp/aws\"]",
      "instances": [
        {
          "schema_version": 0,
          "attributes": {
            "arn": "arn:aws:iam::381492266480:role/eks-policy-roleA",
            "assume_role_policy": "{\"Statement\":[{\"Action\":\"sts:AssumeRole\",\"Effect\":\"Allow\",\"Principal\":{\"Service\":\"eks.amazonaws.com\"}},{\"Action\":\"sts:AssumeRole\",\"Effect\":\"Allow\",\"Principal\":{\"Service\":\"ec2.amazonaws.com\"}}],\"Version\":\"2012-10-17\"}",
            "create_date": "2024-05-29T06:12:11Z",
            "description": "",
            "force_detach_policies": false,
            "id": "eks-policy-roleA",
            "inline_policy": [],
            "managed_policy_arns": [],
            "max_session_duration": 3600,
            "name": "eks-policy-roleA",
            "name_prefix": "",
            "path": "/",
            "permissions_boundary": "",
            "tags": null,
            "tags_all": {},
            "unique_id": "AROAVRUVWAXYMNMM4FQI6"
          },
          "sensitive_attributes": [],
          "private": "bnVsbA=="
        }
      ]
    },
    {
      "module": "module.eks",
      "mode": "managed",
      "type": "aws_iam_role_policy_attachment",
      "name": "eks_additional_policies",
      "provider": "module.eks.provider[\"registry.terraform.io/hashicorp/aws\"]",
      "instances": [
        {
          "index_key": 0,
          "schema_version": 0,
          "attributes": {
            "id": "eks-policy-roleA-20240529061212927700000003",
            "policy_arn": "arn:aws:iam::aws:policy/AmazonEC2ContainerRegistryReadOnly",
            "role": "eks-policy-roleA"
          },
          "sensitive_attributes": [],
          "private": "bnVsbA==",
          "dependencies": [
            "module.eks.aws_iam_role.eks_role"
          ]
        },
        {
          "index_key": 1,
          "schema_version": 0,
          "attributes": {
            "id": "eks-policy-roleA-20240529061212572600000002",
            "policy_arn": "arn:aws:iam::aws:policy/AmazonEKS_CNI_Policy",
            "role": "eks-policy-roleA"
          },
          "sensitive_attributes": [],
          "private": "bnVsbA==",
          "dependencies": [
            "module.eks.aws_iam_role.eks_role"
          ]
        },
        {
          "index_key": 2,
          "schema_version": 0,
          "attributes": {
            "id": "eks-policy-roleA-20240529061212204300000001",
            "policy_arn": "arn:aws:iam::aws:policy/AmazonEKSWorkerNodePolicy",
            "role": "eks-policy-roleA"
          },
          "sensitive_attributes": [],
          "private": "bnVsbA==",
          "dependencies": [
            "module.eks.aws_iam_role.eks_role"
          ]
        }
      ]
    },
    {
      "module": "module.eks.module.vpc_module",
      "mode": "managed",
      "type": "aws_eip",
      "name": "Elastic_IPs",
      "provider": "module.eks.provider[\"registry.terraform.io/hashicorp/aws\"]",
      "instances": [
        {
          "schema_version": 0,
          "attributes": {
            "address": null,
            "allocation_id": "eipalloc-0a794f3d39d4a3350",
            "arn": "arn:aws:ec2:us-east-1:381492266480:elastic-ip/eipalloc-0a794f3d39d4a3350",
            "associate_with_private_ip": null,
            "association_id": "",
            "carrier_ip": "",
            "customer_owned_ip": "",
            "customer_owned_ipv4_pool": "",
            "domain": "vpc",
            "id": "eipalloc-0a794f3d39d4a3350",
            "instance": "",
            "network_border_group": "us-east-1",
            "network_interface": "",
            "private_dns": null,
            "private_ip": "",
            "ptr_record": "",
            "public_dns": "ec2-54-165-34-41.compute-1.amazonaws.com",
            "public_ip": "54.165.34.41",
            "public_ipv4_pool": "amazon",
            "tags": null,
            "tags_all": {},
            "timeouts": null,
            "vpc": true
          },
          "sensitive_attributes": [],
          "private": "eyJlMmJmYjczMC1lY2FhLTExZTYtOGY4OC0zNDM2M2JjN2M0YzAiOnsiZGVsZXRlIjoxODAwMDAwMDAwMDAsInJlYWQiOjkwMDAwMDAwMDAwMCwidXBkYXRlIjozMDAwMDAwMDAwMDB9fQ=="
        }
      ]
    },
    {
      "module": "module.eks.module.vpc_module",
      "mode": "managed",
      "type": "aws_internet_gateway",
      "name": "virtual_igw",
      "provider": "module.eks.provider[\"registry.terraform.io/hashicorp/aws\"]",
      "instances": [
        {
          "schema_version": 0,
          "attributes": {
            "arn": "arn:aws:ec2:us-east-1:381492266480:internet-gateway/igw-0f37d05ffa292ff6a",
            "id": "igw-0f37d05ffa292ff6a",
            "owner_id": "381492266480",
            "tags": {
              "Environment": "Dev",
              "Name": "virtual_igw"
            },
            "tags_all": {
              "Environment": "Dev",
              "Name": "virtual_igw"
            },
            "timeouts": null,
            "vpc_id": "vpc-045fe1c96b4ecfe16"
          },
          "sensitive_attributes": [],
          "private": "eyJlMmJmYjczMC1lY2FhLTExZTYtOGY4OC0zNDM2M2JjN2M0YzAiOnsiY3JlYXRlIjoxMjAwMDAwMDAwMDAwLCJkZWxldGUiOjEyMDAwMDAwMDAwMDAsInVwZGF0ZSI6MTIwMDAwMDAwMDAwMH19",
          "dependencies": [
            "module.eks.module.vpc_module.aws_vpc.virtual_network"
          ]
        }
      ]
    },
    {
      "module": "module.eks.module.vpc_module",
      "mode": "managed",
      "type": "aws_nat_gateway",
      "name": "nat_gateway",
      "provider": "module.eks.provider[\"registry.terraform.io/hashicorp/aws\"]",
      "instances": [
        {
          "schema_version": 0,
          "attributes": {
            "allocation_id": "eipalloc-0a794f3d39d4a3350",
            "association_id": "eipassoc-02630657f1aa3cb6b",
            "connectivity_type": "public",
            "id": "nat-0819a5066d1209b63",
            "network_interface_id": "eni-09b3117f67ca6813a",
            "private_ip": "192.168.0.12",
            "public_ip": "54.165.34.41",
            "secondary_allocation_ids": null,
            "secondary_private_ip_address_count": 0,
            "secondary_private_ip_addresses": [],
            "subnet_id": "subnet-0db7a68370ad0991c",
            "tags": {
              "Environment": "Dev",
              "Name": "virtual_nat_gateway"
            },
            "tags_all": {
              "Environment": "Dev",
              "Name": "virtual_nat_gateway"
            },
            "timeouts": null
          },
          "sensitive_attributes": [],
          "private": "eyJlMmJmYjczMC1lY2FhLTExZTYtOGY4OC0zNDM2M2JjN2M0YzAiOnsiY3JlYXRlIjo2MDAwMDAwMDAwMDAsImRlbGV0ZSI6MTgwMDAwMDAwMDAwMCwidXBkYXRlIjo2MDAwMDAwMDAwMDB9fQ==",
          "dependencies": [
            "module.eks.module.vpc_module.aws_eip.Elastic_IPs",
            "module.eks.module.vpc_module.aws_subnet.virtual_subnet_pub01",
            "module.eks.module.vpc_module.aws_vpc.virtual_network"
          ]
        }
      ]
    },
    {
      "module": "module.eks.module.vpc_module",
      "mode": "managed",
      "type": "aws_route_table",
      "name": "virtual_pri_rt",
      "provider": "module.eks.provider[\"registry.terraform.io/hashicorp/aws\"]",
      "instances": [
        {
          "schema_version": 0,
          "attributes": {
            "arn": "arn:aws:ec2:us-east-1:381492266480:route-table/rtb-0efd1a9294a770ffc",
            "id": "rtb-0efd1a9294a770ffc",
            "owner_id": "381492266480",
            "propagating_vgws": [],
            "route": [
              {
                "carrier_gateway_id": "",
                "cidr_block": "0.0.0.0/0",
                "core_network_arn": "",
                "destination_prefix_list_id": "",
                "egress_only_gateway_id": "",
                "gateway_id": "",
                "ipv6_cidr_block": "",
                "local_gateway_id": "",
                "nat_gateway_id": "nat-0819a5066d1209b63",
                "network_interface_id": "",
                "transit_gateway_id": "",
                "vpc_endpoint_id": "",
                "vpc_peering_connection_id": ""
              }
            ],
            "tags": {
              "Environment": "Dev",
              "Name": "virtual_pri_rt"
            },
            "tags_all": {
              "Environment": "Dev",
              "Name": "virtual_pri_rt"
            },
            "timeouts": null,
            "vpc_id": "vpc-045fe1c96b4ecfe16"
          },
          "sensitive_attributes": [],
          "private": "eyJlMmJmYjczMC1lY2FhLTExZTYtOGY4OC0zNDM2M2JjN2M0YzAiOnsiY3JlYXRlIjozMDAwMDAwMDAwMDAsImRlbGV0ZSI6MzAwMDAwMDAwMDAwLCJ1cGRhdGUiOjEyMDAwMDAwMDAwMH19",
          "dependencies": [
            "module.eks.module.vpc_module.aws_eip.Elastic_IPs",
            "module.eks.module.vpc_module.aws_nat_gateway.nat_gateway",
            "module.eks.module.vpc_module.aws_subnet.virtual_subnet_pub01",
            "module.eks.module.vpc_module.aws_vpc.virtual_network"
          ]
        }
      ]
    },
    {
      "module": "module.eks.module.vpc_module",
      "mode": "managed",
      "type": "aws_route_table",
      "name": "virtual_pub_rt",
      "provider": "module.eks.provider[\"registry.terraform.io/hashicorp/aws\"]",
      "instances": [
        {
          "schema_version": 0,
          "attributes": {
            "arn": "arn:aws:ec2:us-east-1:381492266480:route-table/rtb-0381f4b4ce504ddc0",
            "id": "rtb-0381f4b4ce504ddc0",
            "owner_id": "381492266480",
            "propagating_vgws": [],
            "route": [
              {
                "carrier_gateway_id": "",
                "cidr_block": "0.0.0.0/0",
                "core_network_arn": "",
                "destination_prefix_list_id": "",
                "egress_only_gateway_id": "",
                "gateway_id": "igw-0f37d05ffa292ff6a",
                "ipv6_cidr_block": "",
                "local_gateway_id": "",
                "nat_gateway_id": "",
                "network_interface_id": "",
                "transit_gateway_id": "",
                "vpc_endpoint_id": "",
                "vpc_peering_connection_id": ""
              }
            ],
            "tags": {
              "Environment": "Dev",
              "Name": "virtual_pub_rt"
            },
            "tags_all": {
              "Environment": "Dev",
              "Name": "virtual_pub_rt"
            },
            "timeouts": null,
            "vpc_id": "vpc-045fe1c96b4ecfe16"
          },
          "sensitive_attributes": [],
          "private": "eyJlMmJmYjczMC1lY2FhLTExZTYtOGY4OC0zNDM2M2JjN2M0YzAiOnsiY3JlYXRlIjozMDAwMDAwMDAwMDAsImRlbGV0ZSI6MzAwMDAwMDAwMDAwLCJ1cGRhdGUiOjEyMDAwMDAwMDAwMH19",
          "dependencies": [
            "module.eks.module.vpc_module.aws_internet_gateway.virtual_igw",
            "module.eks.module.vpc_module.aws_vpc.virtual_network"
          ]
        }
      ]
    },
    {
      "module": "module.eks.module.vpc_module",
      "mode": "managed",
      "type": "aws_route_table_association",
      "name": "virtual_pri_rt_ass01",
      "provider": "module.eks.provider[\"registry.terraform.io/hashicorp/aws\"]",
      "instances": [
        {
          "schema_version": 0,
          "attributes": {
            "gateway_id": "",
            "id": "rtbassoc-0cf245e0fa8f5b225",
            "route_table_id": "rtb-0efd1a9294a770ffc",
            "subnet_id": "subnet-01607f657d9805cc6",
            "timeouts": null
          },
          "sensitive_attributes": [],
          "private": "eyJlMmJmYjczMC1lY2FhLTExZTYtOGY4OC0zNDM2M2JjN2M0YzAiOnsiY3JlYXRlIjozMDAwMDAwMDAwMDAsImRlbGV0ZSI6MzAwMDAwMDAwMDAwLCJ1cGRhdGUiOjEyMDAwMDAwMDAwMH19",
          "dependencies": [
            "module.eks.module.vpc_module.aws_eip.Elastic_IPs",
            "module.eks.module.vpc_module.aws_nat_gateway.nat_gateway",
            "module.eks.module.vpc_module.aws_route_table.virtual_pri_rt",
            "module.eks.module.vpc_module.aws_subnet.virtual_subnet_pri01",
            "module.eks.module.vpc_module.aws_subnet.virtual_subnet_pub01",
            "module.eks.module.vpc_module.aws_vpc.virtual_network"
          ]
        }
      ]
    },
    {
      "module": "module.eks.module.vpc_module",
      "mode": "managed",
      "type": "aws_route_table_association",
      "name": "virtual_pri_rt_ass02",
      "provider": "module.eks.provider[\"registry.terraform.io/hashicorp/aws\"]",
      "instances": [
        {
          "schema_version": 0,
          "attributes": {
            "gateway_id": "",
            "id": "rtbassoc-06a17b4f88e24ac92",
            "route_table_id": "rtb-0efd1a9294a770ffc",
            "subnet_id": "subnet-0eff032df930de3ae",
            "timeouts": null
          },
          "sensitive_attributes": [],
          "private": "eyJlMmJmYjczMC1lY2FhLTExZTYtOGY4OC0zNDM2M2JjN2M0YzAiOnsiY3JlYXRlIjozMDAwMDAwMDAwMDAsImRlbGV0ZSI6MzAwMDAwMDAwMDAwLCJ1cGRhdGUiOjEyMDAwMDAwMDAwMH19",
          "dependencies": [
            "module.eks.module.vpc_module.aws_eip.Elastic_IPs",
            "module.eks.module.vpc_module.aws_nat_gateway.nat_gateway",
            "module.eks.module.vpc_module.aws_route_table.virtual_pri_rt",
            "module.eks.module.vpc_module.aws_subnet.virtual_subnet_pri02",
            "module.eks.module.vpc_module.aws_subnet.virtual_subnet_pub01",
            "module.eks.module.vpc_module.aws_vpc.virtual_network"
          ]
        }
      ]
    },
    {
      "module": "module.eks.module.vpc_module",
      "mode": "managed",
      "type": "aws_route_table_association",
      "name": "virtual_pub_rt_ass01",
      "provider": "module.eks.provider[\"registry.terraform.io/hashicorp/aws\"]",
      "instances": [
        {
          "schema_version": 0,
          "attributes": {
            "gateway_id": "",
            "id": "rtbassoc-090faa17f0f650248",
            "route_table_id": "rtb-0381f4b4ce504ddc0",
            "subnet_id": "subnet-0db7a68370ad0991c",
            "timeouts": null
          },
          "sensitive_attributes": [],
          "private": "eyJlMmJmYjczMC1lY2FhLTExZTYtOGY4OC0zNDM2M2JjN2M0YzAiOnsiY3JlYXRlIjozMDAwMDAwMDAwMDAsImRlbGV0ZSI6MzAwMDAwMDAwMDAwLCJ1cGRhdGUiOjEyMDAwMDAwMDAwMH19",
          "dependencies": [
            "module.eks.module.vpc_module.aws_internet_gateway.virtual_igw",
            "module.eks.module.vpc_module.aws_route_table.virtual_pub_rt",
            "module.eks.module.vpc_module.aws_subnet.virtual_subnet_pub01",
            "module.eks.module.vpc_module.aws_vpc.virtual_network"
          ]
        }
      ]
    },
    {
      "module": "module.eks.module.vpc_module",
      "mode": "managed",
      "type": "aws_route_table_association",
      "name": "virtual_pub_rt_ass02",
      "provider": "module.eks.provider[\"registry.terraform.io/hashicorp/aws\"]",
      "instances": [
        {
          "schema_version": 0,
          "attributes": {
            "gateway_id": "",
            "id": "rtbassoc-00d989f2d5d188fb9",
            "route_table_id": "rtb-0381f4b4ce504ddc0",
            "subnet_id": "subnet-06a696f87d3af8d15",
            "timeouts": null
          },
          "sensitive_attributes": [],
          "private": "eyJlMmJmYjczMC1lY2FhLTExZTYtOGY4OC0zNDM2M2JjN2M0YzAiOnsiY3JlYXRlIjozMDAwMDAwMDAwMDAsImRlbGV0ZSI6MzAwMDAwMDAwMDAwLCJ1cGRhdGUiOjEyMDAwMDAwMDAwMH19",
          "dependencies": [
            "module.eks.module.vpc_module.aws_internet_gateway.virtual_igw",
            "module.eks.module.vpc_module.aws_route_table.virtual_pub_rt",
            "module.eks.module.vpc_module.aws_subnet.virtual_subnet_pub02",
            "module.eks.module.vpc_module.aws_vpc.virtual_network"
          ]
        }
      ]
    },
    {
      "module": "module.eks.module.vpc_module",
      "mode": "managed",
      "type": "aws_security_group",
      "name": "virtual_sg",
      "provider": "module.eks.provider[\"registry.terraform.io/hashicorp/aws\"]",
      "instances": [
        {
          "schema_version": 1,
          "attributes": {
            "arn": "arn:aws:ec2:us-east-1:381492266480:security-group/sg-0c588535d3db54bd1",
            "description": "Security group for virtual network",
            "egress": [
              {
                "cidr_blocks": [
                  "0.0.0.0/0"
                ],
                "description": "",
                "from_port": 0,
                "ipv6_cidr_blocks": [],
                "prefix_list_ids": [],
                "protocol": "-1",
                "security_groups": [],
                "self": false,
                "to_port": 0
              }
            ],
            "id": "sg-0c588535d3db54bd1",
            "ingress": [
              {
                "cidr_blocks": [
                  "0.0.0.0/0"
                ],
                "description": "Allow HTTPS traffic",
                "from_port": 443,
                "ipv6_cidr_blocks": [],
                "prefix_list_ids": [],
                "protocol": "tcp",
                "security_groups": [],
                "self": false,
                "to_port": 443
              },
              {
                "cidr_blocks": [
                  "0.0.0.0/0"
                ],
                "description": "Allow MySQL traffic",
                "from_port": 3306,
                "ipv6_cidr_blocks": [],
                "prefix_list_ids": [],
                "protocol": "tcp",
                "security_groups": [],
                "self": false,
                "to_port": 3306
              },
              {
                "cidr_blocks": [
                  "0.0.0.0/0"
                ],
                "description": "Allow PostgreSQL traffic",
                "from_port": 5432,
                "ipv6_cidr_blocks": [],
                "prefix_list_ids": [],
                "protocol": "tcp",
                "security_groups": [],
                "self": false,
                "to_port": 5432
              },
              {
                "cidr_blocks": [
                  "0.0.0.0/0"
                ],
                "description": "Allow SSH traffic",
                "from_port": 22,
                "ipv6_cidr_blocks": [],
                "prefix_list_ids": [],
                "protocol": "tcp",
                "security_groups": [],
                "self": false,
                "to_port": 22
              }
            ],
            "name": "virtual_sg",
            "name_prefix": "",
            "owner_id": "381492266480",
            "revoke_rules_on_delete": false,
            "tags": {
              "Environment": "Dev",
              "Name": "virtual_sg"
            },
            "tags_all": {
              "Environment": "Dev",
              "Name": "virtual_sg"
            },
            "timeouts": null,
            "vpc_id": "vpc-045fe1c96b4ecfe16"
          },
          "sensitive_attributes": [],
          "private": "eyJlMmJmYjczMC1lY2FhLTExZTYtOGY4OC0zNDM2M2JjN2M0YzAiOnsiY3JlYXRlIjo2MDAwMDAwMDAwMDAsImRlbGV0ZSI6OTAwMDAwMDAwMDAwfSwic2NoZW1hX3ZlcnNpb24iOiIxIn0=",
          "dependencies": [
            "module.eks.module.vpc_module.aws_vpc.virtual_network"
          ]
        }
      ]
    },
    {
      "module": "module.eks.module.vpc_module",
      "mode": "managed",
      "type": "aws_subnet",
      "name": "virtual_subnet_pri01",
      "provider": "module.eks.provider[\"registry.terraform.io/hashicorp/aws\"]",
      "instances": [
        {
          "schema_version": 1,
          "attributes": {
            "arn": "arn:aws:ec2:us-east-1:381492266480:subnet/subnet-01607f657d9805cc6",
            "assign_ipv6_address_on_creation": false,
            "availability_zone": "us-east-1a",
            "availability_zone_id": "use1-az2",
            "cidr_block": "192.168.0.128/26",
            "customer_owned_ipv4_pool": "",
            "enable_dns64": false,
            "enable_lni_at_device_index": 0,
            "enable_resource_name_dns_a_record_on_launch": false,
            "enable_resource_name_dns_aaaa_record_on_launch": false,
            "id": "subnet-01607f657d9805cc6",
            "ipv6_cidr_block": "",
            "ipv6_cidr_block_association_id": "",
            "ipv6_native": false,
            "map_customer_owned_ip_on_launch": false,
            "map_public_ip_on_launch": false,
            "outpost_arn": "",
            "owner_id": "381492266480",
            "private_dns_hostname_type_on_launch": "ip-name",
            "tags": {
              "Environment": "Dev",
              "Name": "virtual_subnet_pri01"
            },
            "tags_all": {
              "Environment": "Dev",
              "Name": "virtual_subnet_pri01"
            },
            "timeouts": null,
            "vpc_id": "vpc-045fe1c96b4ecfe16"
          },
          "sensitive_attributes": [],
          "private": "eyJlMmJmYjczMC1lY2FhLTExZTYtOGY4OC0zNDM2M2JjN2M0YzAiOnsiY3JlYXRlIjo2MDAwMDAwMDAwMDAsImRlbGV0ZSI6MTIwMDAwMDAwMDAwMH0sInNjaGVtYV92ZXJzaW9uIjoiMSJ9",
          "dependencies": [
            "module.eks.module.vpc_module.aws_vpc.virtual_network"
          ]
        }
      ]
    },
    {
      "module": "module.eks.module.vpc_module",
      "mode": "managed",
      "type": "aws_subnet",
      "name": "virtual_subnet_pri02",
      "provider": "module.eks.provider[\"registry.terraform.io/hashicorp/aws\"]",
      "instances": [
        {
          "schema_version": 1,
          "attributes": {
            "arn": "arn:aws:ec2:us-east-1:381492266480:subnet/subnet-0eff032df930de3ae",
            "assign_ipv6_address_on_creation": false,
            "availability_zone": "us-east-1b",
            "availability_zone_id": "use1-az4",
            "cidr_block": "192.168.0.192/26",
            "customer_owned_ipv4_pool": "",
            "enable_dns64": false,
            "enable_lni_at_device_index": 0,
            "enable_resource_name_dns_a_record_on_launch": false,
            "enable_resource_name_dns_aaaa_record_on_launch": false,
            "id": "subnet-0eff032df930de3ae",
            "ipv6_cidr_block": "",
            "ipv6_cidr_block_association_id": "",
            "ipv6_native": false,
            "map_customer_owned_ip_on_launch": false,
            "map_public_ip_on_launch": false,
            "outpost_arn": "",
            "owner_id": "381492266480",
            "private_dns_hostname_type_on_launch": "ip-name",
            "tags": {
              "Environment": "Dev",
              "Name": "virtual_subnet_pri02"
            },
            "tags_all": {
              "Environment": "Dev",
              "Name": "virtual_subnet_pri02"
            },
            "timeouts": null,
            "vpc_id": "vpc-045fe1c96b4ecfe16"
          },
          "sensitive_attributes": [],
          "private": "eyJlMmJmYjczMC1lY2FhLTExZTYtOGY4OC0zNDM2M2JjN2M0YzAiOnsiY3JlYXRlIjo2MDAwMDAwMDAwMDAsImRlbGV0ZSI6MTIwMDAwMDAwMDAwMH0sInNjaGVtYV92ZXJzaW9uIjoiMSJ9",
          "dependencies": [
            "module.eks.module.vpc_module.aws_vpc.virtual_network"
          ]
        }
      ]
    },
    {
      "module": "module.eks.module.vpc_module",
      "mode": "managed",
      "type": "aws_subnet",
      "name": "virtual_subnet_pub01",
      "provider": "module.eks.provider[\"registry.terraform.io/hashicorp/aws\"]",
      "instances": [
        {
          "schema_version": 1,
          "attributes": {
            "arn": "arn:aws:ec2:us-east-1:381492266480:subnet/subnet-0db7a68370ad0991c",
            "assign_ipv6_address_on_creation": false,
            "availability_zone": "us-east-1a",
            "availability_zone_id": "use1-az2",
            "cidr_block": "192.168.0.0/26",
            "customer_owned_ipv4_pool": "",
            "enable_dns64": false,
            "enable_lni_at_device_index": 0,
            "enable_resource_name_dns_a_record_on_launch": false,
            "enable_resource_name_dns_aaaa_record_on_launch": false,
            "id": "subnet-0db7a68370ad0991c",
            "ipv6_cidr_block": "",
            "ipv6_cidr_block_association_id": "",
            "ipv6_native": false,
            "map_customer_owned_ip_on_launch": false,
            "map_public_ip_on_launch": true,
            "outpost_arn": "",
            "owner_id": "381492266480",
            "private_dns_hostname_type_on_launch": "ip-name",
            "tags": {
              "Environment": "Dev",
              "Name": "virtual_subnet_pub01"
            },
            "tags_all": {
              "Environment": "Dev",
              "Name": "virtual_subnet_pub01"
            },
            "timeouts": null,
            "vpc_id": "vpc-045fe1c96b4ecfe16"
          },
          "sensitive_attributes": [],
          "private": "eyJlMmJmYjczMC1lY2FhLTExZTYtOGY4OC0zNDM2M2JjN2M0YzAiOnsiY3JlYXRlIjo2MDAwMDAwMDAwMDAsImRlbGV0ZSI6MTIwMDAwMDAwMDAwMH0sInNjaGVtYV92ZXJzaW9uIjoiMSJ9",
          "dependencies": [
            "module.eks.module.vpc_module.aws_vpc.virtual_network"
          ]
        }
      ]
    },
    {
      "module": "module.eks.module.vpc_module",
      "mode": "managed",
      "type": "aws_subnet",
      "name": "virtual_subnet_pub02",
      "provider": "module.eks.provider[\"registry.terraform.io/hashicorp/aws\"]",
      "instances": [
        {
          "schema_version": 1,
          "attributes": {
            "arn": "arn:aws:ec2:us-east-1:381492266480:subnet/subnet-06a696f87d3af8d15",
            "assign_ipv6_address_on_creation": false,
            "availability_zone": "us-east-1b",
            "availability_zone_id": "use1-az4",
            "cidr_block": "192.168.0.64/26",
            "customer_owned_ipv4_pool": "",
            "enable_dns64": false,
            "enable_lni_at_device_index": 0,
            "enable_resource_name_dns_a_record_on_launch": false,
            "enable_resource_name_dns_aaaa_record_on_launch": false,
            "id": "subnet-06a696f87d3af8d15",
            "ipv6_cidr_block": "",
            "ipv6_cidr_block_association_id": "",
            "ipv6_native": false,
            "map_customer_owned_ip_on_launch": false,
            "map_public_ip_on_launch": true,
            "outpost_arn": "",
            "owner_id": "381492266480",
            "private_dns_hostname_type_on_launch": "ip-name",
            "tags": {
              "Environment": "Dev",
              "Name": "virtual_subnet_pub02"
            },
            "tags_all": {
              "Environment": "Dev",
              "Name": "virtual_subnet_pub02"
            },
            "timeouts": null,
            "vpc_id": "vpc-045fe1c96b4ecfe16"
          },
          "sensitive_attributes": [],
          "private": "eyJlMmJmYjczMC1lY2FhLTExZTYtOGY4OC0zNDM2M2JjN2M0YzAiOnsiY3JlYXRlIjo2MDAwMDAwMDAwMDAsImRlbGV0ZSI6MTIwMDAwMDAwMDAwMH0sInNjaGVtYV92ZXJzaW9uIjoiMSJ9",
          "dependencies": [
            "module.eks.module.vpc_module.aws_vpc.virtual_network"
          ]
        }
      ]
    },
    {
      "module": "module.eks.module.vpc_module",
      "mode": "managed",
      "type": "aws_vpc",
      "name": "virtual_network",
      "provider": "module.eks.provider[\"registry.terraform.io/hashicorp/aws\"]",
      "instances": [
        {
          "schema_version": 1,
          "attributes": {
            "arn": "arn:aws:ec2:us-east-1:381492266480:vpc/vpc-045fe1c96b4ecfe16",
            "assign_generated_ipv6_cidr_block": false,
            "cidr_block": "192.168.0.0/24",
            "default_network_acl_id": "acl-07935bb05dd49a003",
            "default_route_table_id": "rtb-0638ff575a6244c00",
            "default_security_group_id": "sg-08726645ddd92ece5",
            "dhcp_options_id": "dopt-041d7ad197a95f392",
            "enable_dns_hostnames": true,
            "enable_dns_support": true,
            "enable_network_address_usage_metrics": false,
            "id": "vpc-045fe1c96b4ecfe16",
            "instance_tenancy": "default",
            "ipv4_ipam_pool_id": null,
            "ipv4_netmask_length": null,
            "ipv6_association_id": "",
            "ipv6_cidr_block": "",
            "ipv6_cidr_block_network_border_group": "",
            "ipv6_ipam_pool_id": "",
            "ipv6_netmask_length": 0,
            "main_route_table_id": "rtb-0638ff575a6244c00",
            "owner_id": "381492266480",
            "tags": {
              "Environment": "Dev",
              "Name": "virtual_network"
            },
            "tags_all": {
              "Environment": "Dev",
              "Name": "virtual_network"
            }
          },
          "sensitive_attributes": [],
          "private": "eyJzY2hlbWFfdmVyc2lvbiI6IjEifQ=="
        }
      ]
    },
    {
      "module": "module.eks.module.vpc_module",
      "mode": "managed",
      "type": "aws_vpc_endpoint",
      "name": "s3_endpoint",
      "provider": "module.eks.provider[\"registry.terraform.io/hashicorp/aws\"]",
      "instances": [
        {
          "schema_version": 0,
          "attributes": {
            "arn": "arn:aws:ec2:us-east-1:381492266480:vpc-endpoint/vpce-001e216850b8a9bf9",
            "auto_accept": null,
            "cidr_blocks": [
              "16.182.0.0/16",
              "18.34.0.0/19",
              "52.216.0.0/15",
              "54.231.0.0/16",
              "3.5.0.0/19",
              "18.34.232.0/21"
            ],
            "dns_entry": [],
            "dns_options": [],
            "id": "vpce-001e216850b8a9bf9",
            "ip_address_type": "",
            "network_interface_ids": [],
            "owner_id": "381492266480",
            "policy": "{\"Statement\":[{\"Action\":\"*\",\"Effect\":\"Allow\",\"Principal\":\"*\",\"Resource\":\"*\"}],\"Version\":\"2008-10-17\"}",
            "prefix_list_id": "pl-63a5400a",
            "private_dns_enabled": false,
            "requester_managed": false,
            "route_table_ids": [
              "rtb-0efd1a9294a770ffc"
            ],
            "security_group_ids": [],
            "service_name": "com.amazonaws.us-east-1.s3",
            "state": "available",
            "subnet_ids": [],
            "tags": {
              "Environment": "Dev",
              "Name": "virtual_private_endpoint"
            },
            "tags_all": {
              "Environment": "Dev",
              "Name": "virtual_private_endpoint"
            },
            "timeouts": null,
            "vpc_endpoint_type": "Gateway",
            "vpc_id": "vpc-045fe1c96b4ecfe16"
          },
          "sensitive_attributes": [],
          "private": "eyJlMmJmYjczMC1lY2FhLTExZTYtOGY4OC0zNDM2M2JjN2M0YzAiOnsiY3JlYXRlIjo2MDAwMDAwMDAwMDAsImRlbGV0ZSI6NjAwMDAwMDAwMDAwLCJ1cGRhdGUiOjYwMDAwMDAwMDAwMH19",
          "dependencies": [
            "module.eks.module.vpc_module.aws_eip.Elastic_IPs",
            "module.eks.module.vpc_module.aws_nat_gateway.nat_gateway",
            "module.eks.module.vpc_module.aws_route_table.virtual_pri_rt",
            "module.eks.module.vpc_module.aws_subnet.virtual_subnet_pub01",
            "module.eks.module.vpc_module.aws_vpc.virtual_network"
          ]
        }
      ]
    }
  ],
  "check_results": null
}
